
Microsoft Visual Studio Solution File, Format Version 12.00
# Visual Studio Version 16
VisualStudioVersion = 16.0.30804.86
MinimumVisualStudioVersion = 10.0.40219.1
Project("{FAE04EC0-301F-11D3-BF4B-00C04F79EFBC}") = "WPF_MVVM_TEST", "WPF_MVVM_TEST\WPF_MVVM_TEST.csproj", "{E43A2404-5317-41D9-812E-25F027089129}"
EndProject
Global
	GlobalSection(SolutionConfigurationPlatforms) = preSolution
		Debug|Any CPU = Debug|Any CPU
		Release|Any CPU = Release|Any CPU
	EndGlobalSection
	GlobalSection(ProjectConfigurationPlatforms) = postSolution
		{E43A2404-5317-41D9-812E-25F027089129}.Debug|Any CPU.ActiveCfg = Debug|Any CPU
		{E43A2404-5317-41D9-812E-25F027089129}.Debug|Any CPU.Build.0 = Debug|Any CPU
		{E43A2404-5317-41D9-812E-25F027089129}.Release|Any CPU.ActiveCfg = Release|Any CPU
		{E43A2404-5317-41D9-812E-25F027089129}.Release|Any CPU.Build.0 = Release|Any CPU
	EndGlobalSection
	GlobalSection(SolutionProperties) = preSolution
		HideSolutionNode = FALSE
	EndGlobalSection
	GlobalSection(ExtensibilityGlobals) = postSolution
		SolutionGuid = {2D1DA940-22EF-46F2-B516-8612EA61CF4E}
	EndGlobalSection
EndGlobal
